
Microsoft Visual Studio Solution File, Format Version 12.00
# Visual Studio Version 16
VisualStudioVersion = 16.0.32510.428
MinimumVisualStudioVersion = 10.0.40219.1
Project("{FAE04EC0-301F-11D3-BF4B-00C04F79EFBC}") = "Rod", "Rod\Rod.csproj", "{5475BEFA-14D4-41DD-B16E-8D3C7181BE9E}"
EndProject
Global
	GlobalSection(SolutionConfigurationPlatforms) = preSolution
		Debug|Any CPU = Debug|Any CPU
		Release|Any CPU = Release|Any CPU
	EndGlobalSection
	GlobalSection(ProjectConfigurationPlatforms) = postSolution
		{5475BEFA-14D4-41DD-B16E-8D3C7181BE9E}.Debug|Any CPU.ActiveCfg = Debug|Any CPU
		{5475BEFA-14D4-41DD-B16E-8D3C7181BE9E}.Debug|Any CPU.Build.0 = Debug|Any CPU
		{5475BEFA-14D4-41DD-B16E-8D3C7181BE9E}.Release|Any CPU.ActiveCfg = Release|Any CPU
		{5475BEFA-14D4-41DD-B16E-8D3C7181BE9E}.Release|Any CPU.Build.0 = Release|Any CPU
	EndGlobalSection
	GlobalSection(SolutionProperties) = preSolution
		HideSolutionNode = FALSE
	EndGlobalSection
	GlobalSection(ExtensibilityGlobals) = postSolution
		SolutionGuid = {D5A60779-685F-4420-BBC9-C5FAFBE0322B}
	EndGlobalSection
EndGlobal
